
Microsoft Visual Studio Solution File, Format Version 12.00
# Visual Studio Version 17
VisualStudioVersion = 17.1.32210.238
MinimumVisualStudioVersion = 10.0.40219.1
Project("{9A19103F-16F7-4668-BE54-9A1E7A4F7556}") = "Projeto NucleoLoguin", "Projeto NucleoLoguin\Projeto NucleoLoguin.csproj", "{1A3CE6FA-2EBA-4AFC-A974-FC9738DAAD12}"
EndProject
Project("{9A19103F-16F7-4668-BE54-9A1E7A4F7556}") = "NucleoLoguin API", "NucleoLoguin API\NucleoLoguin API.csproj", "{938E9D69-34C6-4DB2-B2BE-8612A8F9C1A0}"
EndProject
Global
	GlobalSection(SolutionConfigurationPlatforms) = preSolution
		Debug|Any CPU = Debug|Any CPU
		Release|Any CPU = Release|Any CPU
	EndGlobalSection
	GlobalSection(ProjectConfigurationPlatforms) = postSolution
		{1A3CE6FA-2EBA-4AFC-A974-FC9738DAAD12}.Debug|Any CPU.ActiveCfg = Debug|Any CPU
		{1A3CE6FA-2EBA-4AFC-A974-FC9738DAAD12}.Debug|Any CPU.Build.0 = Debug|Any CPU
		{1A3CE6FA-2EBA-4AFC-A974-FC9738DAAD12}.Release|Any CPU.ActiveCfg = Release|Any CPU
		{1A3CE6FA-2EBA-4AFC-A974-FC9738DAAD12}.Release|Any CPU.Build.0 = Release|Any CPU
		{938E9D69-34C6-4DB2-B2BE-8612A8F9C1A0}.Debug|Any CPU.ActiveCfg = Debug|Any CPU
		{938E9D69-34C6-4DB2-B2BE-8612A8F9C1A0}.Debug|Any CPU.Build.0 = Debug|Any CPU
		{938E9D69-34C6-4DB2-B2BE-8612A8F9C1A0}.Release|Any CPU.ActiveCfg = Release|Any CPU
		{938E9D69-34C6-4DB2-B2BE-8612A8F9C1A0}.Release|Any CPU.Build.0 = Release|Any CPU
	EndGlobalSection
	GlobalSection(SolutionProperties) = preSolution
		HideSolutionNode = FALSE
	EndGlobalSection
	GlobalSection(ExtensibilityGlobals) = postSolution
		SolutionGuid = {578A5898-D34D-4DF4-AB7A-B9FA6FFA3BB0}
	EndGlobalSection
EndGlobal
